Microsoft Visual Studio Solution File, Format Version 11.00
# Visual Studio 2008

Project("{4C7B9521-F2A6-2114-3ED6-C1C8D4FEF00F}") = "homework_flappy", "Assembly-CSharp.csproj", "{72890644-1D35-3F1B-8500-22915566C43C}"
EndProject
Global
	GlobalSection(SolutionConfigurationPlatforms) = preSolution
		Debug|Any CPU = Debug|Any CPU
		Release|Any CPU = Release|Any CPU
	EndGlobalSection
	GlobalSection(ProjectConfigurationPlatforms) = postSolution
		{72890644-1D35-3F1B-8500-22915566C43C}.Debug|Any CPU.ActiveCfg = Debug|Any CPU
		{72890644-1D35-3F1B-8500-22915566C43C}.Debug|Any CPU.Build.0 = Debug|Any CPU
		{72890644-1D35-3F1B-8500-22915566C43C}.Release|Any CPU.ActiveCfg = Release|Any CPU
		{72890644-1D35-3F1B-8500-22915566C43C}.Release|Any CPU.Build.0 = Release|Any CPU
	EndGlobalSection
	GlobalSection(SolutionProperties) = preSolution
		HideSolutionNode = FALSE
	EndGlobalSection
	GlobalSection(MonoDevelopProperties) = preSolution
		StartupItem = Assembly-CSharp.csproj
	EndGlobalSection
EndGlobal
